
Microsoft Visual Studio Solution File, Format Version 12.00
# Visual Studio Version 17
VisualStudioVersion = 17.0.32126.317
MinimumVisualStudioVersion = 10.0.40219.1
Project("{FAE04EC0-301F-11D3-BF4B-00C04F79EFBC}") = "mCloudB", "mCloudB\mCloudB.csproj", "{BBF8BB22-CC39-4405-8D0F-08F156F1E209}"
EndProject
Global
	GlobalSection(SolutionConfigurationPlatforms) = preSolution
		Debug|Any CPU = Debug|Any CPU
		Release|Any CPU = Release|Any CPU
	EndGlobalSection
	GlobalSection(ProjectConfigurationPlatforms) = postSolution
		{BBF8BB22-CC39-4405-8D0F-08F156F1E209}.Debug|Any CPU.ActiveCfg = Debug|Any CPU
		{BBF8BB22-CC39-4405-8D0F-08F156F1E209}.Debug|Any CPU.Build.0 = Debug|Any CPU
		{BBF8BB22-CC39-4405-8D0F-08F156F1E209}.Release|Any CPU.ActiveCfg = Release|Any CPU
		{BBF8BB22-CC39-4405-8D0F-08F156F1E209}.Release|Any CPU.Build.0 = Release|Any CPU
	EndGlobalSection
	GlobalSection(SolutionProperties) = preSolution
		HideSolutionNode = FALSE
	EndGlobalSection
	GlobalSection(ExtensibilityGlobals) = postSolution
		SolutionGuid = {5389263C-06C3-4CC8-A45A-A9B1D5830055}
	EndGlobalSection
EndGlobal
